{
  "originHash" : "e83719e9e6b22e9ba89ad68c44dc200dfe00f6243df4f0f603abc3d6e062c4f5",
  "pins" : [
    {
      "identity" : "quantum-ios",
      "kind" : "remoteSourceControl",
      "location" : "https://github.com/atomicfi/quantum-ios",
      "state" : {
        "revision" : "431d3b1d424e90146329d530de49b640763d29aa",
        "version" : "3.6.2"
      }
    }
  ],
  "version" : 3
}
