{
  "originHash" : "e83719e9e6b22e9ba89ad68c44dc200dfe00f6243df4f0f603abc3d6e062c4f5",
  "pins" : [
    {
      "identity" : "quantum-ios",
      "kind" : "remoteSourceControl",
      "location" : "https://github.com/atomicfi/quantum-ios",
      "state" : {
        "revision" : "a221c8e5f743cc8607dbf7f30d114362b4aa7d95",
        "version" : "3.15.0"
      }
    }
  ],
  "version" : 3
}
